# ==============================================================================
# 🕒 Application: Modern Clock Face
# High-contrast 60-tick dial, Roman indices, polygon hands, 12-hour digital time
# ==============================================================================

switch:
  - platform: template
    name: "Show Clock App"
    id: show_clock_switch
    entity_category: config
    optimistic: true
    restore_mode: RESTORE_DEFAULT_ON
